{
  "object": {
    "pins": [
      {
        "package": "Arguments",
        "repositoryURL": "https://github.com/shaneqi/Arguments",
        "state": {
          "branch": null,
          "revision": "2baa99bd66fc49d5fd5519a52e863248f50cc675",
          "version": "1.0.0"
        }
      },
      {
        "package": "ZEGBot",
        "repositoryURL": "https://github.com/shaneqi/ZEGBot",
        "state": {
          "branch": null,
          "revision": "cb889cebb09598720ea33cf4637267c22ecc11ed",
          "version": "4.0.1"
        }
      }
    ]
  },
  "version": 1
}
