{
  "object": {
    "pins": [
      {
        "package": "Arguments",
        "repositoryURL": "https://github.com/shaneqi/Arguments.git",
        "state": {
          "branch": null,
          "revision": "a794e9323338b04daa96449a744601738e0c9ca0",
          "version": "1.0.1"
        }
      },
      {
        "package": "ZEGBot",
        "repositoryURL": "https://github.com/shaneqi/ZEGBot.git",
        "state": {
          "branch": null,
          "revision": "d41a54e5da763f4c55b4b6020bdfecdccae872c8",
          "version": "4.2.6"
        }
      }
    ]
  },
  "version": 1
}
